
Microsoft Visual Studio Solution File, Format Version 12.00
# Visual Studio Version 16
VisualStudioVersion = 16.0.31410.357
MinimumVisualStudioVersion = 10.0.40219.1
Project("{8BC9CEB8-8B4A-11D0-8D11-00A0C91BC942}") = "GAMES101_00", "GAMES101_00\GAMES101.vcxproj", "{3C55DD26-7684-41AA-A87D-E879595BC7F6}"
EndProject
Project("{8BC9CEB8-8B4A-11D0-8D11-00A0C91BC942}") = "GAMES101_01", "GAMES101_01\GAMES101_01.vcxproj", "{5D417E04-927E-408B-99E5-F56A9DC39EC5}"
EndProject
Project("{8BC9CEB8-8B4A-11D0-8D11-00A0C91BC942}") = "GAMES101_02", "GAMES101_02\GAMES101_02.vcxproj", "{7F0A89D2-47D7-43F0-9E36-7B4389A5AD42}"
EndProject
Project("{8BC9CEB8-8B4A-11D0-8D11-00A0C91BC942}") = "GAMES101_03", "GAMES101_03\GAMES101_03.vcxproj", "{1088C5C9-45B4-4579-99F8-16CCE36430E9}"
EndProject
Project("{8BC9CEB8-8B4A-11D0-8D11-00A0C91BC942}") = "GAMES101_04", "GAMES101_04\GAMES101_04.vcxproj", "{5229B5A6-AAB4-49B7-B441-97EB9FF86CA4}"
EndProject
Project("{8BC9CEB8-8B4A-11D0-8D11-00A0C91BC942}") = "GAMES101_05", "GAMES101_05\GAMES101_05.vcxproj", "{AE95CC09-1B16-47E4-BBE8-C1AA5BF82F83}"
EndProject
Project("{8BC9CEB8-8B4A-11D0-8D11-00A0C91BC942}") = "GAMES101_06", "GAMES101_06\GAMES101_06.vcxproj", "{C7A19549-BB1B-4355-8F78-8C544E2C0C5C}"
EndProject
Project("{8BC9CEB8-8B4A-11D0-8D11-00A0C91BC942}") = "GAMES101_07", "GAMES101_07\GAMES101_07.vcxproj", "{25FF9C7E-DD4B-423F-9C43-97026D117169}"
EndProject
Global
	GlobalSection(SolutionConfigurationPlatforms) = preSolution
		Debug|x64 = Debug|x64
		Debug|x86 = Debug|x86
		Release|x64 = Release|x64
		Release|x86 = Release|x86
	EndGlobalSection
	GlobalSection(ProjectConfigurationPlatforms) = postSolution
		{3C55DD26-7684-41AA-A87D-E879595BC7F6}.Debug|x64.ActiveCfg = Debug|x64
		{3C55DD26-7684-41AA-A87D-E879595BC7F6}.Debug|x64.Build.0 = Debug|x64
		{3C55DD26-7684-41AA-A87D-E879595BC7F6}.Debug|x86.ActiveCfg = Debug|Win32
		{3C55DD26-7684-41AA-A87D-E879595BC7F6}.Debug|x86.Build.0 = Debug|Win32
		{3C55DD26-7684-41AA-A87D-E879595BC7F6}.Release|x64.ActiveCfg = Release|x64
		{3C55DD26-7684-41AA-A87D-E879595BC7F6}.Release|x64.Build.0 = Release|x64
		{3C55DD26-7684-41AA-A87D-E879595BC7F6}.Release|x86.ActiveCfg = Release|Win32
		{3C55DD26-7684-41AA-A87D-E879595BC7F6}.Release|x86.Build.0 = Release|Win32
		{5D417E04-927E-408B-99E5-F56A9DC39EC5}.Debug|x64.ActiveCfg = Debug|x64
		{5D417E04-927E-408B-99E5-F56A9DC39EC5}.Debug|x64.Build.0 = Debug|x64
		{5D417E04-927E-408B-99E5-F56A9DC39EC5}.Debug|x86.ActiveCfg = Debug|Win32
		{5D417E04-927E-408B-99E5-F56A9DC39EC5}.Debug|x86.Build.0 = Debug|Win32
		{5D417E04-927E-408B-99E5-F56A9DC39EC5}.Release|x64.ActiveCfg = Release|x64
		{5D417E04-927E-408B-99E5-F56A9DC39EC5}.Release|x64.Build.0 = Release|x64
		{5D417E04-927E-408B-99E5-F56A9DC39EC5}.Release|x86.ActiveCfg = Release|Win32
		{5D417E04-927E-408B-99E5-F56A9DC39EC5}.Release|x86.Build.0 = Release|Win32
		{7F0A89D2-47D7-43F0-9E36-7B4389A5AD42}.Debug|x64.ActiveCfg = Debug|x64
		{7F0A89D2-47D7-43F0-9E36-7B4389A5AD42}.Debug|x64.Build.0 = Debug|x64
		{7F0A89D2-47D7-43F0-9E36-7B4389A5AD42}.Debug|x86.ActiveCfg = Debug|Win32
		{7F0A89D2-47D7-43F0-9E36-7B4389A5AD42}.Debug|x86.Build.0 = Debug|Win32
		{7F0A89D2-47D7-43F0-9E36-7B4389A5AD42}.Release|x64.ActiveCfg = Release|x64
		{7F0A89D2-47D7-43F0-9E36-7B4389A5AD42}.Release|x64.Build.0 = Release|x64
		{7F0A89D2-47D7-43F0-9E36-7B4389A5AD42}.Release|x86.ActiveCfg = Release|Win32
		{7F0A89D2-47D7-43F0-9E36-7B4389A5AD42}.Release|x86.Build.0 = Release|Win32
		{1088C5C9-45B4-4579-99F8-16CCE36430E9}.Debug|x64.ActiveCfg = Debug|x64
		{1088C5C9-45B4-4579-99F8-16CCE36430E9}.Debug|x64.Build.0 = Debug|x64
		{1088C5C9-45B4-4579-99F8-16CCE36430E9}.Debug|x86.ActiveCfg = Debug|Win32
		{1088C5C9-45B4-4579-99F8-16CCE36430E9}.Debug|x86.Build.0 = Debug|Win32
		{1088C5C9-45B4-4579-99F8-16CCE36430E9}.Release|x64.ActiveCfg = Release|x64
		{1088C5C9-45B4-4579-99F8-16CCE36430E9}.Release|x64.Build.0 = Release|x64
		{1088C5C9-45B4-4579-99F8-16CCE36430E9}.Release|x86.ActiveCfg = Release|Win32
		{1088C5C9-45B4-4579-99F8-16CCE36430E9}.Release|x86.Build.0 = Release|Win32
		{5229B5A6-AAB4-49B7-B441-97EB9FF86CA4}.Debug|x64.ActiveCfg = Debug|x64
		{5229B5A6-AAB4-49B7-B441-97EB9FF86CA4}.Debug|x64.Build.0 = Debug|x64
		{5229B5A6-AAB4-49B7-B441-97EB9FF86CA4}.Debug|x86.ActiveCfg = Debug|Win32
		{5229B5A6-AAB4-49B7-B441-97EB9FF86CA4}.Debug|x86.Build.0 = Debug|Win32
		{5229B5A6-AAB4-49B7-B441-97EB9FF86CA4}.Release|x64.ActiveCfg = Release|x64
		{5229B5A6-AAB4-49B7-B441-97EB9FF86CA4}.Release|x64.Build.0 = Release|x64
		{5229B5A6-AAB4-49B7-B441-97EB9FF86CA4}.Release|x86.ActiveCfg = Release|Win32
		{5229B5A6-AAB4-49B7-B441-97EB9FF86CA4}.Release|x86.Build.0 = Release|Win32
		{AE95CC09-1B16-47E4-BBE8-C1AA5BF82F83}.Debug|x64.ActiveCfg = Debug|x64
		{AE95CC09-1B16-47E4-BBE8-C1AA5BF82F83}.Debug|x64.Build.0 = Debug|x64
		{AE95CC09-1B16-47E4-BBE8-C1AA5BF82F83}.Debug|x86.ActiveCfg = Debug|Win32
		{AE95CC09-1B16-47E4-BBE8-C1AA5BF82F83}.Debug|x86.Build.0 = Debug|Win32
		{AE95CC09-1B16-47E4-BBE8-C1AA5BF82F83}.Release|x64.ActiveCfg = Release|x64
		{AE95CC09-1B16-47E4-BBE8-C1AA5BF82F83}.Release|x64.Build.0 = Release|x64
		{AE95CC09-1B16-47E4-BBE8-C1AA5BF82F83}.Release|x86.ActiveCfg = Release|Win32
		{AE95CC09-1B16-47E4-BBE8-C1AA5BF82F83}.Release|x86.Build.0 = Release|Win32
		{C7A19549-BB1B-4355-8F78-8C544E2C0C5C}.Debug|x64.ActiveCfg = Debug|x64
		{C7A19549-BB1B-4355-8F78-8C544E2C0C5C}.Debug|x64.Build.0 = Debug|x64
		{C7A19549-BB1B-4355-8F78-8C544E2C0C5C}.Debug|x86.ActiveCfg = Debug|Win32
		{C7A19549-BB1B-4355-8F78-8C544E2C0C5C}.Debug|x86.Build.0 = Debug|Win32
		{C7A19549-BB1B-4355-8F78-8C544E2C0C5C}.Release|x64.ActiveCfg = Release|x64
		{C7A19549-BB1B-4355-8F78-8C544E2C0C5C}.Release|x64.Build.0 = Release|x64
		{C7A19549-BB1B-4355-8F78-8C544E2C0C5C}.Release|x86.ActiveCfg = Release|Win32
		{C7A19549-BB1B-4355-8F78-8C544E2C0C5C}.Release|x86.Build.0 = Release|Win32
		{25FF9C7E-DD4B-423F-9C43-97026D117169}.Debug|x64.ActiveCfg = Debug|x64
		{25FF9C7E-DD4B-423F-9C43-97026D117169}.Debug|x64.Build.0 = Debug|x64
		{25FF9C7E-DD4B-423F-9C43-97026D117169}.Debug|x86.ActiveCfg = Debug|Win32
		{25FF9C7E-DD4B-423F-9C43-97026D117169}.Debug|x86.Build.0 = Debug|Win32
		{25FF9C7E-DD4B-423F-9C43-97026D117169}.Release|x64.ActiveCfg = Release|x64
		{25FF9C7E-DD4B-423F-9C43-97026D117169}.Release|x64.Build.0 = Release|x64
		{25FF9C7E-DD4B-423F-9C43-97026D117169}.Release|x86.ActiveCfg = Release|Win32
		{25FF9C7E-DD4B-423F-9C43-97026D117169}.Release|x86.Build.0 = Release|Win32
	EndGlobalSection
	GlobalSection(SolutionProperties) = preSolution
		HideSolutionNode = FALSE
	EndGlobalSection
	GlobalSection(ExtensibilityGlobals) = postSolution
		SolutionGuid = {16806875-DB67-4DF5-94E6-C50352E80475}
	EndGlobalSection
EndGlobal
